// !$*UTF8*$!
{
	archiveVersion = 1;
	classes = {
	};
	objectVersion = 50;
	objects = {

/* Begin PBXBuildFile section */
		B20D47072637B43F003362AF /* AppDelegate.swift in Sources */ = {isa = PBXBuildFile; fileRef = B20D47062637B43F003362AF /* AppDelegate.swift */; };
		B20D47092637B43F003362AF /* SceneDelegate.swift in Sources */ = {isa = PBXBuildFile; fileRef = B20D47082637B43F003362AF /* SceneDelegate.swift */; };
		B20D470B2637B43F003362AF /* ViewController.swift in Sources */ = {isa = PBXBuildFile; fileRef = B20D470A2637B43F003362AF /* ViewController.swift */; };
		B20D470E2637B43F003362AF /* Main.storyboard in Resources */ = {isa = PBXBuildFile; fileRef = B20D470C2637B43F003362AF /* Main.storyboard */; };
		B20D47102637B441003362AF /* Assets.xcassets in Resources */ = {isa = PBXBuildFile; fileRef = B20D470F2637B441003362AF /* Assets.xcassets */; };
		B20D47132637B441003362AF /* LaunchScreen.storyboard in Resources */ = {isa = PBXBuildFile; fileRef = B20D47112637B441003362AF /* LaunchScreen.storyboard */; };
		B20D471E2637B441003362AF /* calculadoraTests.swift in Sources */ = {isa = PBXBuildFile; fileRef = B20D471D2637B441003362AF /* calculadoraTests.swift */; };
		B20D47292637B441003362AF /* calculadoraUITests.swift in Sources */ = {isa = PBXBuildFile; fileRef = B20D47282637B441003362AF /* calculadoraUITests.swift */; };
/* End PBXBuildFile section */

/* Begin PBXContainerItemProxy section */
		B20D471A2637B441003362AF /* PBXContainerItemProxy */ = {
			isa = PBXContainerItemProxy;
			containerPortal = B20D46FB2637B43F003362AF /* Project object */;
			proxyType = 1;
			remoteGlobalIDString = B20D47022637B43F003362AF;
			remoteInfo = calculadora;
		};
		B20D47252637B441003362AF /* PBXContainerItemProxy */ = {
			isa = PBXContainerItemProxy;
			containerPortal = B20D46FB2637B43F003362AF /* Project object */;
			proxyType = 1;
			remoteGlobalIDString = B20D47022637B43F003362AF;
			remoteInfo = calculadora;
		};
/* End PBXContainerItemProxy section */

/* Begin PBXFileReference section */
		B20D47032637B43F003362AF /* calculadora.app */ = {isa = PBXFileReference; explicitFileType = wrapper.application; includeInIndex = 0; path = calculadora.app; sourceTree = BUILT_PRODUCTS_DIR; };
		B20D47062637B43F003362AF /* AppDelegate.swift */ = {isa = PBXFileReference; lastKnownFileType = sourcecode.swift; path = AppDelegate.swift; sourceTree = "<group>"; };
		B20D47082637B43F003362AF /* SceneDelegate.swift */ = {isa = PBXFileReference; lastKnownFileType = sourcecode.swift; path = SceneDelegate.swift; sourceTree = "<group>"; };
		B20D470A2637B43F003362AF /* ViewController.swift */ = {isa = PBXFileReference; lastKnownFileType = sourcecode.swift; path = ViewController.swift; sourceTree = "<group>"; };
		B20D470D2637B43F003362AF /* Base */ = {isa = PBXFileReference; lastKnownFileType = file.storyboard; name = Base; path = Base.lproj/Main.storyboard; sourceTree = "<group>"; };
		B20D470F2637B441003362AF /* Assets.xcassets */ = {isa = PBXFileReference; lastKnownFileType = folder.assetcatalog; path = Assets.xcassets; sourceTree = "<group>"; };
		B20D47122637B441003362AF /* Base */ = {isa = PBXFileReference; lastKnownFileType = file.storyboard; name = Base; path = Base.lproj/LaunchScreen.storyboard; sourceTree = "<group>"; };
		B20D47142637B441003362AF /* Info.plist */ = {isa = PBXFileReference; lastKnownFileType = text.plist.xml; path = Info.plist; sourceTree = "<group>"; };
		B20D47192637B441003362AF /* calculadoraTests.xctest */ = {isa = PBXFileReference; explicitFileType = wrapper.cfbundle; includeInIndex = 0; path = calculadoraTests.xctest; sourceTree = BUILT_PRODUCTS_DIR; };
		B20D471D2637B441003362AF /* calculadoraTests.swift */ = {isa = PBXFileReference; lastKnownFileType = sourcecode.swift; path = calculadoraTests.swift; sourceTree = "<group>"; };
		B20D471F2637B441003362AF /* Info.plist */ = {isa = PBXFileReference; lastKnownFileType = text.plist.xml; path = Info.plist; sourceTree = "<group>"; };
		B20D47242637B441003362AF /* calculadoraUITests.xctest */ = {isa = PBXFileReference; explicitFileType = wrapper.cfbundle; includeInIndex = 0; path = calculadoraUITests.xctest; sourceTree = BUILT_PRODUCTS_DIR; };
		B20D47282637B441003362AF /* calculadoraUITests.swift */ = {isa = PBXFileReference; lastKnownFileType = sourcecode.swift; path = calculadoraUITests.swift; sourceTree = "<group>"; };
		B20D472A2637B441003362AF /* Info.plist */ = {isa = PBXFileReference; lastKnownFileType = text.plist.xml; path = Info.plist; sourceTree = "<group>"; };
/* End PBXFileReference section */

/* Begin PBXFrameworksBuildPhase section */
		B20D47002637B43F003362AF /* Frameworks */ = {
			isa = PBXFrameworksBuildPhase;
			buildActionMask = 2147483647;
			files = (
			);
			runOnlyForDeploymentPostprocessing = 0;
		};
		B20D47162637B441003362AF /* Frameworks */ = {
			isa = PBXFrameworksBuildPhase;
			buildActionMask = 2147483647;
			files = (
			);
			runOnlyForDeploymentPostprocessing = 0;
		};
		B20D47212637B441003362AF /* Frameworks */ = {
			isa = PBXFrameworksBuildPhase;
			buildActionMask = 2147483647;
			files = (
			);
			runOnlyForDeploymentPostprocessing = 0;
		};
/* End PBXFrameworksBuildPhase section */

/* Begin PBXGroup section */
		B20D46FA2637B43F003362AF = {
			isa = PBXGroup;
			children = (
				B20D47052637B43F003362AF /* calculadora */,
				B20D471C2637B441003362AF /* calculadoraTests */,
				B20D47272637B441003362AF /* calculadoraUITests */,
				B20D47042637B43F003362AF /* Products */,
			);
			sourceTree = "<group>";
		};
		B20D47042637B43F003362AF /* Products */ = {
			isa = PBXGroup;
			children = (
				B20D47032637B43F003362AF /* calculadora.app */,
				B20D47192637B441003362AF /* calculadoraTests.xctest */,
				B20D47242637B441003362AF /* calculadoraUITests.xctest */,
			);
			name = Products;
			sourceTree = "<group>";
		};
		B20D47052637B43F003362AF /* calculadora */ = {
			isa = PBXGroup;
			children = (
				B20D47062637B43F003362AF /* AppDelegate.swift */,
				B20D47082637B43F003362AF /* SceneDelegate.swift */,
				B20D470A2637B43F003362AF /* ViewController.swift */,
				B20D470C2637B43F003362AF /* Main.storyboard */,
				B20D470F2637B441003362AF /* Assets.xcassets */,
				B20D47112637B441003362AF /* LaunchScreen.storyboard */,
				B20D47142637B441003362AF /* Info.plist */,
			);
			path = calculadora;
			sourceTree = "<group>";
		};
		B20D471C2637B441003362AF /* calculadoraTests */ = {
			isa = PBXGroup;
			children = (
				B20D471D2637B441003362AF /* calculadoraTests.swift */,
				B20D471F2637B441003362AF /* Info.plist */,
			);
			path = calculadoraTests;
			sourceTree = "<group>";
		};
		B20D47272637B441003362AF /* calculadoraUITests */ = {
			isa = PBXGroup;
			children = (
				B20D47282637B441003362AF /* calculadoraUITests.swift */,
				B20D472A2637B441003362AF /* Info.plist */,
			);
			path = calculadoraUITests;
			sourceTree = "<group>";
		};
/* End PBXGroup section */

/* Begin PBXNativeTarget section */
		B20D47022637B43F003362AF /* calculadora */ = {
			isa = PBXNativeTarget;
			buildConfigurationList = B20D472D2637B441003362AF /* Build configuration list for PBXNativeTarget "calculadora" */;
			buildPhases = (
				B20D46FF2637B43F003362AF /* Sources */,
				B20D47002637B43F003362AF /* Frameworks */,
				B20D47012637B43F003362AF /* Resources */,
			);
			buildRules = (
			);
			dependencies = (
			);
			name = calculadora;
			productName = calculadora;
			productReference = B20D47032637B43F003362AF /* calculadora.app */;
			productType = "com.apple.product-type.application";
		};
		B20D47182637B441003362AF /* calculadoraTests */ = {
			isa = PBXNativeTarget;
			buildConfigurationList = B20D47302637B441003362AF /* Build configuration list for PBXNativeTarget "calculadoraTests" */;
			buildPhases = (
				B20D47152637B441003362AF /* Sources */,
				B20D47162637B441003362AF /* Frameworks */,
				B20D47172637B441003362AF /* Resources */,
			);
			buildRules = (
			);
			dependencies = (
				B20D471B2637B441003362AF /* PBXTargetDependency */,
			);
			name = calculadoraTests;
			productName = calculadoraTests;
			productReference = B20D47192637B441003362AF /* calculadoraTests.xctest */;
			productType = "com.apple.product-type.bundle.unit-test";
		};
		B20D47232637B441003362AF /* calculadoraUITests */ = {
			isa = PBXNativeTarget;
			buildConfigurationList = B20D47332637B441003362AF /* Build configuration list for PBXNativeTarget "calculadoraUITests" */;
			buildPhases = (
				B20D47202637B441003362AF /* Sources */,
				B20D47212637B441003362AF /* Frameworks */,
				B20D47222637B441003362AF /* Resources */,
			);
			buildRules = (
			);
			dependencies = (
				B20D47262637B441003362AF /* PBXTargetDependency */,
			);
			name = calculadoraUITests;
			productName = calculadoraUITests;
			productReference = B20D47242637B441003362AF /* calculadoraUITests.xctest */;
			productType = "com.apple.product-type.bundle.ui-testing";
		};
/* End PBXNativeTarget section */

/* Begin PBXProject section */
		B20D46FB2637B43F003362AF /* Project object */ = {
			isa = PBXProject;
			attributes = {
				LastSwiftUpdateCheck = 1240;
				LastUpgradeCheck = 1240;
				TargetAttributes = {
					B20D47022637B43F003362AF = {
						CreatedOnToolsVersion = 12.4;
					};
					B20D47182637B441003362AF = {
						CreatedOnToolsVersion = 12.4;
						TestTargetID = B20D47022637B43F003362AF;
					};
					B20D47232637B441003362AF = {
						CreatedOnToolsVersion = 12.4;
						TestTargetID = B20D47022637B43F003362AF;
					};
				};
			};
			buildConfigurationList = B20D46FE2637B43F003362AF /* Build configuration list for PBXProject "calculadora" */;
			compatibilityVersion = "Xcode 9.3";
			developmentRegion = en;
			hasScannedForEncodings = 0;
			knownRegions = (
				en,
				Base,
			);
			mainGroup = B20D46FA2637B43F003362AF;
			productRefGroup = B20D47042637B43F003362AF /* Products */;
			projectDirPath = "";
			projectRoot = "";
			targets = (
				B20D47022637B43F003362AF /* calculadora */,
				B20D47182637B441003362AF /* calculadoraTests */,
				B20D47232637B441003362AF /* calculadoraUITests */,
			);
		};
/* End PBXProject section */

/* Begin PBXResourcesBuildPhase section */
		B20D47012637B43F003362AF /* Resources */ = {
			isa = PBXResourcesBuildPhase;
			buildActionMask = 2147483647;
			files = (
				B20D47132637B441003362AF /* LaunchScreen.storyboard in Resources */,
				B20D47102637B441003362AF /* Assets.xcassets in Resources */,
				B20D470E2637B43F003362AF /* Main.storyboard in Resources */,
			);
			runOnlyForDeploymentPostprocessing = 0;
		};
		B20D47172637B441003362AF /* Resources */ = {
			isa = PBXResourcesBuildPhase;
			buildActionMask = 2147483647;
			files = (
			);
			runOnlyForDeploymentPostprocessing = 0;
		};
		B20D47222637B441003362AF /* Resources */ = {
			isa = PBXResourcesBuildPhase;
			buildActionMask = 2147483647;
			files = (
			);
			runOnlyForDeploymentPostprocessing = 0;
		};
/* End PBXResourcesBuildPhase section */

/* Begin PBXSourcesBuildPhase section */
		B20D46FF2637B43F003362AF /* Sources */ = {
			isa = PBXSourcesBuildPhase;
			buildActionMask = 2147483647;
			files = (
				B20D470B2637B43F003362AF /* ViewController.swift in Sources */,
				B20D47072637B43F003362AF /* AppDelegate.swift in Sources */,
				B20D47092637B43F003362AF /* SceneDelegate.swift in Sources */,
			);
			runOnlyForDeploymentPostprocessing = 0;
		};
		B20D47152637B441003362AF /* Sources */ = {
			isa = PBXSourcesBuildPhase;
			buildActionMask = 2147483647;
			files = (
				B20D471E2637B441003362AF /* calculadoraTests.swift in Sources */,
			);
			runOnlyForDeploymentPostprocessing = 0;
		};
		B20D47202637B441003362AF /* Sources */ = {
			isa = PBXSourcesBuildPhase;
			buildActionMask = 2147483647;
			files = (
				B20D47292637B441003362AF /* calculadoraUITests.swift in Sources */,
			);
			runOnlyForDeploymentPostprocessing = 0;
		};
/* End PBXSourcesBuildPhase section */

/* Begin PBXTargetDependency section */
		B20D471B2637B441003362AF /* PBXTargetDependency */ = {
			isa = PBXTargetDependency;
			target = B20D47022637B43F003362AF /* calculadora */;
			targetProxy = B20D471A2637B441003362AF /* PBXContainerItemProxy */;
		};
		B20D47262637B441003362AF /* PBXTargetDependency */ = {
			isa = PBXTargetDependency;
			target = B20D47022637B43F003362AF /* calculadora */;
			targetProxy = B20D47252637B441003362AF /* PBXContainerItemProxy */;
		};
/* End PBXTargetDependency section */

/* Begin PBXVariantGroup section */
		B20D470C2637B43F003362AF /* Main.storyboard */ = {
			isa = PBXVariantGroup;
			children = (
				B20D470D2637B43F003362AF /* Base */,
			);
			name = Main.storyboard;
			sourceTree = "<group>";
		};
		B20D47112637B441003362AF /* LaunchScreen.storyboard */ = {
			isa = PBXVariantGroup;
			children = (
				B20D47122637B441003362AF /* Base */,
			);
			name = LaunchScreen.storyboard;
			sourceTree = "<group>";
		};
/* End PBXVariantGroup section */

/* Begin XCBuildConfiguration section */
		B20D472B2637B441003362AF /* Debug */ = {
			isa = XCBuildConfiguration;
			buildSettings = {
				ALWAYS_SEARCH_USER_PATHS = NO;
				CLANG_ANALYZER_NONNULL = YES;
				CLANG_ANALYZER_NUMBER_OBJECT_CONVERSION = YES_AGGRESSIVE;
				CLANG_CXX_LANGUAGE_STANDARD = "gnu++14";
				CLANG_CXX_LIBRARY = "libc++";
				CLANG_ENABLE_MODULES = YES;
				CLANG_ENABLE_OBJC_ARC = YES;
				CLANG_ENABLE_OBJC_WEAK = YES;
				CLANG_WARN_BLOCK_CAPTURE_AUTORELEASING = YES;
				CLANG_WARN_BOOL_CONVERSION = YES;
				CLANG_WARN_COMMA = YES;
				CLANG_WARN_CONSTANT_CONVERSION = YES;
				CLANG_WARN_DEPRECATED_OBJC_IMPLEMENTATIONS = YES;
				CLANG_WARN_DIRECT_OBJC_ISA_USAGE = YES_ERROR;
				CLANG_WARN_DOCUMENTATION_COMMENTS = YES;
				CLANG_WARN_EMPTY_BODY = YES;
				CLANG_WARN_ENUM_CONVERSION = YES;
				CLANG_WARN_INFINITE_RECURSION = YES;
				CLANG_WARN_INT_CONVERSION = YES;
				CLANG_WARN_NON_LITERAL_NULL_CONVERSION = YES;
				CLANG_WARN_OBJC_IMPLICIT_RETAIN_SELF = YES;
				CLANG_WARN_OBJC_LITERAL_CONVERSION = YES;
				CLANG_WARN_OBJC_ROOT_CLASS = YES_ERROR;
				CLANG_WARN_QUOTED_INCLUDE_IN_FRAMEWORK_HEADER = YES;
				CLANG_WARN_RANGE_LOOP_ANALYSIS = YES;
				CLANG_WARN_STRICT_PROTOTYPES = YES;
				CLANG_WARN_SUSPICIOUS_MOVE = YES;
				CLANG_WARN_UNGUARDED_AVAILABILITY = YES_AGGRESSIVE;
				CLANG_WARN_UNREACHABLE_CODE = YES;
				CLANG_WARN__DUPLICATE_METHOD_MATCH = YES;
				COPY_PHASE_STRIP = NO;
				DEBUG_INFORMATION_FORMAT = dwarf;
				ENABLE_STRICT_OBJC_MSGSEND = YES;
				ENABLE_TESTABILITY = YES;
				GCC_C_LANGUAGE_STANDARD = gnu11;
				GCC_DYNAMIC_NO_PIC = NO;
				GCC_NO_COMMON_BLOCKS = YES;
				GCC_OPTIMIZATION_LEVEL = 0;
				GCC_PREPROCESSOR_DEFINITIONS = (
					"DEBUG=1",
					"$(inherited)",
				);
				GCC_WARN_64_TO_32_BIT_CONVERSION = YES;
				GCC_WARN_ABOUT_RETURN_TYPE = YES_ERROR;
				GCC_WARN_UNDECLARED_SELECTOR = YES;
				GCC_WARN_UNINITIALIZED_AUTOS = YES_AGGRESSIVE;
				GCC_WARN_UNUSED_FUNCTION = YES;
				GCC_WARN_UNUSED_VARIABLE = YES;
				IPHONEOS_DEPLOYMENT_TARGET = 14.4;
				MTL_ENABLE_DEBUG_INFO = INCLUDE_SOURCE;
				MTL_FAST_MATH = YES;
				ONLY_ACTIVE_ARCH = YES;
				SDKROOT = iphoneos;
				SWIFT_ACTIVE_COMPILATION_CONDITIONS = DEBUG;
				SWIFT_OPTIMIZATION_LEVEL = "-Onone";
			};
			name = Debug;
		};
		B20D472C2637B441003362AF /* Release */ = {
			isa = XCBuildConfiguration;
			buildSettings = {
				ALWAYS_SEARCH_USER_PATHS = NO;
				CLANG_ANALYZER_NONNULL = YES;
				CLANG_ANALYZER_NUMBER_OBJECT_CONVERSION = YES_AGGRESSIVE;
				CLANG_CXX_LANGUAGE_STANDARD = "gnu++14";
				CLANG_CXX_LIBRARY = "libc++";
				CLANG_ENABLE_MODULES = YES;
				CLANG_ENABLE_OBJC_ARC = YES;
				CLANG_ENABLE_OBJC_WEAK = YES;
				CLANG_WARN_BLOCK_CAPTURE_AUTORELEASING = YES;
				CLANG_WARN_BOOL_CONVERSION = YES;
				CLANG_WARN_COMMA = YES;
				CLANG_WARN_CONSTANT_CONVERSION = YES;
				CLANG_WARN_DEPRECATED_OBJC_IMPLEMENTATIONS = YES;
				CLANG_WARN_DIRECT_OBJC_ISA_USAGE = YES_ERROR;
				CLANG_WARN_DOCUMENTATION_COMMENTS = YES;
				CLANG_WARN_EMPTY_BODY = YES;
				CLANG_WARN_ENUM_CONVERSION = YES;
				CLANG_WARN_INFINITE_RECURSION = YES;
				CLANG_WARN_INT_CONVERSION = YES;
				CLANG_WARN_NON_LITERAL_NULL_CONVERSION = YES;
				CLANG_WARN_OBJC_IMPLICIT_RETAIN_SELF = YES;
				CLANG_WARN_OBJC_LITERAL_CONVERSION = YES;
				CLANG_WARN_OBJC_ROOT_CLASS = YES_ERROR;
				CLANG_WARN_QUOTED_INCLUDE_IN_FRAMEWORK_HEADER = YES;
				CLANG_WARN_RANGE_LOOP_ANALYSIS = YES;
				CLANG_WARN_STRICT_PROTOTYPES = YES;
				CLANG_WARN_SUSPICIOUS_MOVE = YES;
				CLANG_WARN_UNGUARDED_AVAILABILITY = YES_AGGRESSIVE;
				CLANG_WARN_UNREACHABLE_CODE = YES;
				CLANG_WARN__DUPLICATE_METHOD_MATCH = YES;
				COPY_PHASE_STRIP = NO;
				DEBUG_INFORMATION_FORMAT = "dwarf-with-dsym";
				ENABLE_NS_ASSERTIONS = NO;
				ENABLE_STRICT_OBJC_MSGSEND = YES;
				GCC_C_LANGUAGE_STANDARD = gnu11;
				GCC_NO_COMMON_BLOCKS = YES;
				GCC_WARN_64_TO_32_BIT_CONVERSION = YES;
				GCC_WARN_ABOUT_RETURN_TYPE = YES_ERROR;
				GCC_WARN_UNDECLARED_SELECTOR = YES;
				GCC_WARN_UNINITIALIZED_AUTOS = YES_AGGRESSIVE;
				GCC_WARN_UNUSED_FUNCTION = YES;
				GCC_WARN_UNUSED_VARIABLE = YES;
				IPHONEOS_DEPLOYMENT_TARGET = 14.4;
				MTL_ENABLE_DEBUG_INFO = NO;
				MTL_FAST_MATH = YES;
				SDKROOT = iphoneos;
				SWIFT_COMPILATION_MODE = wholemodule;
				SWIFT_OPTIMIZATION_LEVEL = "-O";
				VALIDATE_PRODUCT = YES;
			};
			name = Release;
		};
		B20D472E2637B441003362AF /* Debug */ = {
			isa = XCBuildConfiguration;
			buildSettings = {
				ASSETCATALOG_COMPILER_APPICON_NAME = AppIcon;
				ASSETCATALOG_COMPILER_GLOBAL_ACCENT_COLOR_NAME = AccentColor;
				CODE_SIGN_STYLE = Automatic;
				INFOPLIST_FILE = calculadora/Info.plist;
				LD_RUNPATH_SEARCH_PATHS = (
					"$(inherited)",
					"@executable_path/Frameworks",
				);
				PRODUCT_BUNDLE_IDENTIFIER = rocs.calculadora;
				PRODUCT_NAME = "$(TARGET_NAME)";
				SWIFT_VERSION = 5.0;
				TARGETED_DEVICE_FAMILY = "1,2";
			};
			name = Debug;
		};
		B20D472F2637B441003362AF /* Release */ = {
			isa = XCBuildConfiguration;
			buildSettings = {
				ASSETCATALOG_COMPILER_APPICON_NAME = AppIcon;
				ASSETCATALOG_COMPILER_GLOBAL_ACCENT_COLOR_NAME = AccentColor;
				CODE_SIGN_STYLE = Automatic;
				INFOPLIST_FILE = calculadora/Info.plist;
				LD_RUNPATH_SEARCH_PATHS = (
					"$(inherited)",
					"@executable_path/Frameworks",
				);
				PRODUCT_BUNDLE_IDENTIFIER = rocs.calculadora;
				PRODUCT_NAME = "$(TARGET_NAME)";
				SWIFT_VERSION = 5.0;
				TARGETED_DEVICE_FAMILY = "1,2";
			};
			name = Release;
		};
		B20D47312637B441003362AF /* Debug */ = {
			isa = XCBuildConfiguration;
			buildSettings = {
				ALWAYS_EMBED_SWIFT_STANDARD_LIBRARIES = YES;
				BUNDLE_LOADER = "$(TEST_HOST)";
				CODE_SIGN_STYLE = Automatic;
				INFOPLIST_FILE = calculadoraTests/Info.plist;
				IPHONEOS_DEPLOYMENT_TARGET = 14.4;
				LD_RUNPATH_SEARCH_PATHS = (
					"$(inherited)",
					"@executable_path/Frameworks",
					"@loader_path/Frameworks",
				);
				PRODUCT_BUNDLE_IDENTIFIER = rocs.calculadoraTests;
				PRODUCT_NAME = "$(TARGET_NAME)";
				SWIFT_VERSION = 5.0;
				TARGETED_DEVICE_FAMILY = "1,2";
				TEST_HOST = "$(BUILT_PRODUCTS_DIR)/calculadora.app/calculadora";
			};
			name = Debug;
		};
		B20D47322637B441003362AF /* Release */ = {
			isa = XCBuildConfiguration;
			buildSettings = {
				ALWAYS_EMBED_SWIFT_STANDARD_LIBRARIES = YES;
				BUNDLE_LOADER = "$(TEST_HOST)";
				CODE_SIGN_STYLE = Automatic;
				INFOPLIST_FILE = calculadoraTests/Info.plist;
				IPHONEOS_DEPLOYMENT_TARGET = 14.4;
				LD_RUNPATH_SEARCH_PATHS = (
					"$(inherited)",
					"@executable_path/Frameworks",
					"@loader_path/Frameworks",
				);
				PRODUCT_BUNDLE_IDENTIFIER = rocs.calculadoraTests;
				PRODUCT_NAME = "$(TARGET_NAME)";
				SWIFT_VERSION = 5.0;
				TARGETED_DEVICE_FAMILY = "1,2";
				TEST_HOST = "$(BUILT_PRODUCTS_DIR)/calculadora.app/calculadora";
			};
			name = Release;
		};
		B20D47342637B441003362AF /* Debug */ = {
			isa = XCBuildConfiguration;
			buildSettings = {
				ALWAYS_EMBED_SWIFT_STANDARD_LIBRARIES = YES;
				CODE_SIGN_STYLE = Automatic;
				INFOPLIST_FILE = calculadoraUITests/Info.plist;
				LD_RUNPATH_SEARCH_PATHS = (
					"$(inherited)",
					"@executable_path/Frameworks",
					"@loader_path/Frameworks",
				);
				PRODUCT_BUNDLE_IDENTIFIER = rocs.calculadoraUITests;
				PRODUCT_NAME = "$(TARGET_NAME)";
				SWIFT_VERSION = 5.0;
				TARGETED_DEVICE_FAMILY = "1,2";
				TEST_TARGET_NAME = calculadora;
			};
			name = Debug;
		};
		B20D47352637B441003362AF /* Release */ = {
			isa = XCBuildConfiguration;
			buildSettings = {
				ALWAYS_EMBED_SWIFT_STANDARD_LIBRARIES = YES;
				CODE_SIGN_STYLE = Automatic;
				INFOPLIST_FILE = calculadoraUITests/Info.plist;
				LD_RUNPATH_SEARCH_PATHS = (
					"$(inherited)",
					"@executable_path/Frameworks",
					"@loader_path/Frameworks",
				);
				PRODUCT_BUNDLE_IDENTIFIER = rocs.calculadoraUITests;
				PRODUCT_NAME = "$(TARGET_NAME)";
				SWIFT_VERSION = 5.0;
				TARGETED_DEVICE_FAMILY = "1,2";
				TEST_TARGET_NAME = calculadora;
			};
			name = Release;
		};
/* End XCBuildConfiguration section */

/* Begin XCConfigurationList section */
		B20D46FE2637B43F003362AF /* Build configuration list for PBXProject "calculadora" */ = {
			isa = XCConfigurationList;
			buildConfigurations = (
				B20D472B2637B441003362AF /* Debug */,
				B20D472C2637B441003362AF /* Release */,
			);
			defaultConfigurationIsVisible = 0;
			defaultConfigurationName = Release;
		};
		B20D472D2637B441003362AF /* Build configuration list for PBXNativeTarget "calculadora" */ = {
			isa = XCConfigurationList;
			buildConfigurations = (
				B20D472E2637B441003362AF /* Debug */,
				B20D472F2637B441003362AF /* Release */,
			);
			defaultConfigurationIsVisible = 0;
			defaultConfigurationName = Release;
		};
		B20D47302637B441003362AF /* Build configuration list for PBXNativeTarget "calculadoraTests" */ = {
			isa = XCConfigurationList;
			buildConfigurations = (
				B20D47312637B441003362AF /* Debug */,
				B20D47322637B441003362AF /* Release */,
			);
			defaultConfigurationIsVisible = 0;
			defaultConfigurationName = Release;
		};
		B20D47332637B441003362AF /* Build configuration list for PBXNativeTarget "calculadoraUITests" */ = {
			isa = XCConfigurationList;
			buildConfigurations = (
				B20D47342637B441003362AF /* Debug */,
				B20D47352637B441003362AF /* Release */,
			);
			defaultConfigurationIsVisible = 0;
			defaultConfigurationName = Release;
		};
/* End XCConfigurationList section */
	};
	rootObject = B20D46FB2637B43F003362AF /* Project object */;
}
